// !$*UTF8*$!
{
	archiveVersion = 1;
	classes = {
	};
	objectVersion = 46;
	objects = {

/* Begin PBXBuildFile section */
		5E7F2C0A19045D0F00872131 /* Foundation.framework in Frameworks */ = {isa = PBXBuildFile; fileRef = 5E7F2C0919045D0F00872131 /* Foundation.framework */; };
		5E7F2C0C19045D0F00872131 /* CoreGraphics.framework in Frameworks */ = {isa = PBXBuildFile; fileRef = 5E7F2C0B19045D0F00872131 /* CoreGraphics.framework */; };
		5E7F2C0E19045D0F00872131 /* UIKit.framework in Frameworks */ = {isa = PBXBuildFile; fileRef = 5E7F2C0D19045D0F00872131 /* UIKit.framework */; };
		5E7F2C1419045D0F00872131 /* InfoPlist.strings in Resources */ = {isa = PBXBuildFile; fileRef = 5E7F2C1219045D0F00872131 /* InfoPlist.strings */; };
		5E7F2C1619045D0F00872131 /* main.m in Sources */ = {isa = PBXBuildFile; fileRef = 5E7F2C1519045D0F00872131 /* main.m */; };
		5E7F2C1A19045D0F00872131 /* AppDelegate.m in Sources */ = {isa = PBXBuildFile; fileRef = 5E7F2C1919045D0F00872131 /* AppDelegate.m */; };
		5E7F2C2519045D0F00872131 /* Images.xcassets in Resources */ = {isa = PBXBuildFile; fileRef = 5E7F2C2419045D0F00872131 /* Images.xcassets */; };
		5E7F2C43190471E400872131 /* SignInViewController.m in Sources */ = {isa = PBXBuildFile; fileRef = 5E7F2C42190471E400872131 /* SignInViewController.m */; };
		5E7F2C45190472C300872131 /* Storyboard_iPhone.storyboard in Resources */ = {isa = PBXBuildFile; fileRef = 5E7F2C44190472C300872131 /* Storyboard_iPhone.storyboard */; };
		5E7F2C47190474E200872131 /* QuartzCore.framework in Frameworks */ = {isa = PBXBuildFile; fileRef = 5E7F2C46190474E200872131 /* QuartzCore.framework */; };
		5E7F2C4B190475FC00872131 /* FXBlurView.m in Sources */ = {isa = PBXBuildFile; fileRef = 5E7F2C4A190475FC00872131 /* FXBlurView.m */; };
/* End PBXBuildFile section */

/* Begin PBXFileReference section */
		5E7F2C0619045D0F00872131 /* LiveTranslate.app */ = {isa = PBXFileReference; explicitFileType = wrapper.application; includeInIndex = 0; path = LiveTranslate.app; sourceTree = BUILT_PRODUCTS_DIR; };
		5E7F2C0919045D0F00872131 /* Foundation.framework */ = {isa = PBXFileReference; lastKnownFileType = wrapper.framework; name = Foundation.framework; path = System/Library/Frameworks/Foundation.framework; sourceTree = SDKROOT; };
		5E7F2C0B19045D0F00872131 /* CoreGraphics.framework */ = {isa = PBXFileReference; lastKnownFileType = wrapper.framework; name = CoreGraphics.framework; path = System/Library/Frameworks/CoreGraphics.framework; sourceTree = SDKROOT; };
		5E7F2C0D19045D0F00872131 /* UIKit.framework */ = {isa = PBXFileReference; lastKnownFileType = wrapper.framework; name = UIKit.framework; path = System/Library/Frameworks/UIKit.framework; sourceTree = SDKROOT; };
		5E7F2C1119045D0F00872131 /* LiveTranslate-Info.plist */ = {isa = PBXFileReference; lastKnownFileType = text.plist.xml; path = "LiveTranslate-Info.plist"; sourceTree = "<group>"; };
		5E7F2C1319045D0F00872131 /* en */ = {isa = PBXFileReference; lastKnownFileType = text.plist.strings; name = en; path = en.lproj/InfoPlist.strings; sourceTree = "<group>"; };
		5E7F2C1519045D0F00872131 /* main.m */ = {isa = PBXFileReference; lastKnownFileType = sourcecode.c.objc; path = main.m; sourceTree = "<group>"; };
		5E7F2C1719045D0F00872131 /* LiveTranslate-Prefix.pch */ = {isa = PBXFileReference; lastKnownFileType = sourcecode.c.h; path = "LiveTranslate-Prefix.pch"; sourceTree = "<group>"; };
		5E7F2C1819045D0F00872131 /* AppDelegate.h */ = {isa = PBXFileReference; lastKnownFileType = sourcecode.c.h; path = AppDelegate.h; sourceTree = "<group>"; };
		5E7F2C1919045D0F00872131 /* AppDelegate.m */ = {isa = PBXFileReference; lastKnownFileType = sourcecode.c.objc; path = AppDelegate.m; sourceTree = "<group>"; };
		5E7F2C2419045D0F00872131 /* Images.xcassets */ = {isa = PBXFileReference; lastKnownFileType = folder.assetcatalog; path = Images.xcassets; sourceTree = "<group>"; };
		5E7F2C2B19045D0F00872131 /* XCTest.framework */ = {isa = PBXFileReference; lastKnownFileType = wrapper.framework; name = XCTest.framework; path = Library/Frameworks/XCTest.framework; sourceTree = DEVELOPER_DIR; };
		5E7F2C41190471E400872131 /* SignInViewController.h */ = {isa = PBXFileReference; fileEncoding = 4; lastKnownFileType = sourcecode.c.h; path = SignInViewController.h; sourceTree = "<group>"; };
		5E7F2C42190471E400872131 /* SignInViewController.m */ = {isa = PBXFileReference; fileEncoding = 4; lastKnownFileType = sourcecode.c.objc; path = SignInViewController.m; sourceTree = "<group>"; };
		5E7F2C44190472C300872131 /* Storyboard_iPhone.storyboard */ = {isa = PBXFileReference; fileEncoding = 4; lastKnownFileType = file.storyboard; path = Storyboard_iPhone.storyboard; sourceTree = "<group>"; };
		5E7F2C46190474E200872131 /* QuartzCore.framework */ = {isa = PBXFileReference; lastKnownFileType = wrapper.framework; name = QuartzCore.framework; path = System/Library/Frameworks/QuartzCore.framework; sourceTree = SDKROOT; };
		5E7F2C49190475FC00872131 /* FXBlurView.h */ = {isa = PBXFileReference; fileEncoding = 4; lastKnownFileType = sourcecode.c.h; path = FXBlurView.h; sourceTree = "<group>"; };
		5E7F2C4A190475FC00872131 /* FXBlurView.m */ = {isa = PBXFileReference; fileEncoding = 4; lastKnownFileType = sourcecode.c.objc; path = FXBlurView.m; sourceTree = "<group>"; };
/* End PBXFileReference section */

/* Begin PBXFrameworksBuildPhase section */
		5E7F2C0319045D0F00872131 /* Frameworks */ = {
			isa = PBXFrameworksBuildPhase;
			buildActionMask = 2147483647;
			files = (
				5E7F2C47190474E200872131 /* QuartzCore.framework in Frameworks */,
				5E7F2C0C19045D0F00872131 /* CoreGraphics.framework in Frameworks */,
				5E7F2C0E19045D0F00872131 /* UIKit.framework in Frameworks */,
				5E7F2C0A19045D0F00872131 /* Foundation.framework in Frameworks */,
			);
			runOnlyForDeploymentPostprocessing = 0;
		};
/* End PBXFrameworksBuildPhase section */

/* Begin PBXGroup section */
		5E7F2BFD19045D0F00872131 = {
			isa = PBXGroup;
			children = (
				5E7F2C0F19045D0F00872131 /* LiveTranslate */,
				5E7F2C0819045D0F00872131 /* Frameworks */,
				5E7F2C0719045D0F00872131 /* Products */,
			);
			sourceTree = "<group>";
		};
		5E7F2C0719045D0F00872131 /* Products */ = {
			isa = PBXGroup;
			children = (
				5E7F2C0619045D0F00872131 /* LiveTranslate.app */,
			);
			name = Products;
			sourceTree = "<group>";
		};
		5E7F2C0819045D0F00872131 /* Frameworks */ = {
			isa = PBXGroup;
			children = (
				5E7F2C46190474E200872131 /* QuartzCore.framework */,
				5E7F2C0919045D0F00872131 /* Foundation.framework */,
				5E7F2C0B19045D0F00872131 /* CoreGraphics.framework */,
				5E7F2C0D19045D0F00872131 /* UIKit.framework */,
				5E7F2C2B19045D0F00872131 /* XCTest.framework */,
			);
			name = Frameworks;
			sourceTree = "<group>";
		};
		5E7F2C0F19045D0F00872131 /* LiveTranslate */ = {
			isa = PBXGroup;
			children = (
				5E7F2C48190475FC00872131 /* FXBlurView */,
				5E7F2C1819045D0F00872131 /* AppDelegate.h */,
				5E7F2C1919045D0F00872131 /* AppDelegate.m */,
				5E7F2C41190471E400872131 /* SignInViewController.h */,
				5E7F2C42190471E400872131 /* SignInViewController.m */,
				5E7F2C1019045D0F00872131 /* Supporting Files */,
			);
			path = LiveTranslate;
			sourceTree = "<group>";
		};
		5E7F2C1019045D0F00872131 /* Supporting Files */ = {
			isa = PBXGroup;
			children = (
				5E7F2C2419045D0F00872131 /* Images.xcassets */,
				5E7F2C44190472C300872131 /* Storyboard_iPhone.storyboard */,
				5E7F2C1119045D0F00872131 /* LiveTranslate-Info.plist */,
				5E7F2C1219045D0F00872131 /* InfoPlist.strings */,
				5E7F2C1519045D0F00872131 /* main.m */,
				5E7F2C1719045D0F00872131 /* LiveTranslate-Prefix.pch */,
			);
			name = "Supporting Files";
			sourceTree = "<group>";
		};
		5E7F2C48190475FC00872131 /* FXBlurView */ = {
			isa = PBXGroup;
			children = (
				5E7F2C49190475FC00872131 /* FXBlurView.h */,
				5E7F2C4A190475FC00872131 /* FXBlurView.m */,
			);
			path = FXBlurView;
			sourceTree = "<group>";
		};
/* End PBXGroup section */

/* Begin PBXNativeTarget section */
		5E7F2C0519045D0F00872131 /* LiveTranslate */ = {
			isa = PBXNativeTarget;
			buildConfigurationList = 5E7F2C3B19045D0F00872131 /* Build configuration list for PBXNativeTarget "LiveTranslate" */;
			buildPhases = (
				5E7F2C0219045D0F00872131 /* Sources */,
				5E7F2C0319045D0F00872131 /* Frameworks */,
				5E7F2C0419045D0F00872131 /* Resources */,
			);
			buildRules = (
			);
			dependencies = (
			);
			name = LiveTranslate;
			productName = LiveTranslate;
			productReference = 5E7F2C0619045D0F00872131 /* LiveTranslate.app */;
			productType = "com.apple.product-type.application";
		};
/* End PBXNativeTarget section */

/* Begin PBXProject section */
		5E7F2BFE19045D0F00872131 /* Project object */ = {
			isa = PBXProject;
			attributes = {
				LastUpgradeCheck = 0510;
				ORGANIZATIONNAME = "George Lo & Krishnabh Medhi";
			};
			buildConfigurationList = 5E7F2C0119045D0F00872131 /* Build configuration list for PBXProject "LiveTranslate" */;
			compatibilityVersion = "Xcode 3.2";
			developmentRegion = English;
			hasScannedForEncodings = 0;
			knownRegions = (
				en,
				Base,
			);
			mainGroup = 5E7F2BFD19045D0F00872131;
			productRefGroup = 5E7F2C0719045D0F00872131 /* Products */;
			projectDirPath = "";
			projectRoot = "";
			targets = (
				5E7F2C0519045D0F00872131 /* LiveTranslate */,
			);
		};
/* End PBXProject section */

/* Begin PBXResourcesBuildPhase section */
		5E7F2C0419045D0F00872131 /* Resources */ = {
			isa = PBXResourcesBuildPhase;
			buildActionMask = 2147483647;
			files = (
				5E7F2C2519045D0F00872131 /* Images.xcassets in Resources */,
				5E7F2C45190472C300872131 /* Storyboard_iPhone.storyboard in Resources */,
				5E7F2C1419045D0F00872131 /* InfoPlist.strings in Resources */,
			);
			runOnlyForDeploymentPostprocessing = 0;
		};
/* End PBXResourcesBuildPhase section */

/* Begin PBXSourcesBuildPhase section */
		5E7F2C0219045D0F00872131 /* Sources */ = {
			isa = PBXSourcesBuildPhase;
			buildActionMask = 2147483647;
			files = (
				5E7F2C1A19045D0F00872131 /* AppDelegate.m in Sources */,
				5E7F2C4B190475FC00872131 /* FXBlurView.m in Sources */,
				5E7F2C43190471E400872131 /* SignInViewController.m in Sources */,
				5E7F2C1619045D0F00872131 /* main.m in Sources */,
			);
			runOnlyForDeploymentPostprocessing = 0;
		};
/* End PBXSourcesBuildPhase section */

/* Begin PBXVariantGroup section */
		5E7F2C1219045D0F00872131 /* InfoPlist.strings */ = {
			isa = PBXVariantGroup;
			children = (
				5E7F2C1319045D0F00872131 /* en */,
			);
			name = InfoPlist.strings;
			sourceTree = "<group>";
		};
/* End PBXVariantGroup section */

/* Begin XCBuildConfiguration section */
		5E7F2C3919045D0F00872131 /* Debug */ = {
			isa = XCBuildConfiguration;
			buildSettings = {
				ALWAYS_SEARCH_USER_PATHS = NO;
				CLANG_CXX_LANGUAGE_STANDARD = "gnu++0x";
				CLANG_CXX_LIBRARY = "libc++";
				CLANG_ENABLE_MODULES = YES;
				CLANG_ENABLE_OBJC_ARC = YES;
				CLANG_WARN_BOOL_CONVERSION = YES;
				CLANG_WARN_CONSTANT_CONVERSION = YES;
				CLANG_WARN_DIRECT_OBJC_ISA_USAGE = YES_ERROR;
				CLANG_WARN_EMPTY_BODY = YES;
				CLANG_WARN_ENUM_CONVERSION = YES;
				CLANG_WARN_INT_CONVERSION = YES;
				CLANG_WARN_OBJC_ROOT_CLASS = YES_ERROR;
				CLANG_WARN__DUPLICATE_METHOD_MATCH = YES;
				"CODE_SIGN_IDENTITY[sdk=iphoneos*]" = "iPhone Developer";
				COPY_PHASE_STRIP = NO;
				GCC_C_LANGUAGE_STANDARD = gnu99;
				GCC_DYNAMIC_NO_PIC = NO;
				GCC_OPTIMIZATION_LEVEL = 0;
				GCC_PREPROCESSOR_DEFINITIONS = (
					"DEBUG=1",
					"$(inherited)",
				);
				GCC_SYMBOLS_PRIVATE_EXTERN = NO;
				GCC_WARN_64_TO_32_BIT_CONVERSION = YES;
				GCC_WARN_ABOUT_RETURN_TYPE = YES_ERROR;
				GCC_WARN_UNDECLARED_SELECTOR = YES;
				GCC_WARN_UNINITIALIZED_AUTOS = YES_AGGRESSIVE;
				GCC_WARN_UNUSED_FUNCTION = YES;
				GCC_WARN_UNUSED_VARIABLE = YES;
				IPHONEOS_DEPLOYMENT_TARGET = 7.1;
				ONLY_ACTIVE_ARCH = YES;
				SDKROOT = iphoneos;
			};
			name = Debug;
		};
		5E7F2C3A19045D0F00872131 /* Release */ = {
			isa = XCBuildConfiguration;
			buildSettings = {
				ALWAYS_SEARCH_USER_PATHS = NO;
				CLANG_CXX_LANGUAGE_STANDARD = "gnu++0x";
				CLANG_CXX_LIBRARY = "libc++";
				CLANG_ENABLE_MODULES = YES;
				CLANG_ENABLE_OBJC_ARC = YES;
				CLANG_WARN_BOOL_CONVERSION = YES;
				CLANG_WARN_CONSTANT_CONVERSION = YES;
				CLANG_WARN_DIRECT_OBJC_ISA_USAGE = YES_ERROR;
				CLANG_WARN_EMPTY_BODY = YES;
				CLANG_WARN_ENUM_CONVERSION = YES;
				CLANG_WARN_INT_CONVERSION = YES;
				CLANG_WARN_OBJC_ROOT_CLASS = YES_ERROR;
				CLANG_WARN__DUPLICATE_METHOD_MATCH = YES;
				"CODE_SIGN_IDENTITY[sdk=iphoneos*]" = "iPhone Developer";
				COPY_PHASE_STRIP = YES;
				ENABLE_NS_ASSERTIONS = NO;
				GCC_C_LANGUAGE_STANDARD = gnu99;
				GCC_WARN_64_TO_32_BIT_CONVERSION = YES;
				GCC_WARN_ABOUT_RETURN_TYPE = YES_ERROR;
				GCC_WARN_UNDECLARED_SELECTOR = YES;
				GCC_WARN_UNINITIALIZED_AUTOS = YES_AGGRESSIVE;
				GCC_WARN_UNUSED_FUNCTION = YES;
				GCC_WARN_UNUSED_VARIABLE = YES;
				IPHONEOS_DEPLOYMENT_TARGET = 7.1;
				SDKROOT = iphoneos;
				VALIDATE_PRODUCT = YES;
			};
			name = Release;
		};
		5E7F2C3C19045D0F00872131 /* Debug */ = {
			isa = XCBuildConfiguration;
			buildSettings = {
				ASSETCATALOG_COMPILER_APPICON_NAME = AppIcon;
				ASSETCATALOG_COMPILER_LAUNCHIMAGE_NAME = LaunchImage;
				GCC_PRECOMPILE_PREFIX_HEADER = YES;
				GCC_PREFIX_HEADER = "LiveTranslate/LiveTranslate-Prefix.pch";
				INFOPLIST_FILE = "LiveTranslate/LiveTranslate-Info.plist";
				PRODUCT_NAME = "$(TARGET_NAME)";
				WRAPPER_EXTENSION = app;
			};
			name = Debug;
		};
		5E7F2C3D19045D0F00872131 /* Release */ = {
			isa = XCBuildConfiguration;
			buildSettings = {
				ASSETCATALOG_COMPILER_APPICON_NAME = AppIcon;
				ASSETCATALOG_COMPILER_LAUNCHIMAGE_NAME = LaunchImage;
				GCC_PRECOMPILE_PREFIX_HEADER = YES;
				GCC_PREFIX_HEADER = "LiveTranslate/LiveTranslate-Prefix.pch";
				INFOPLIST_FILE = "LiveTranslate/LiveTranslate-Info.plist";
				PRODUCT_NAME = "$(TARGET_NAME)";
				WRAPPER_EXTENSION = app;
			};
			name = Release;
		};
/* End XCBuildConfiguration section */

/* Begin XCConfigurationList section */
		5E7F2C0119045D0F00872131 /* Build configuration list for PBXProject "LiveTranslate" */ = {
			isa = XCConfigurationList;
			buildConfigurations = (
				5E7F2C3919045D0F00872131 /* Debug */,
				5E7F2C3A19045D0F00872131 /* Release */,
			);
			defaultConfigurationIsVisible = 0;
			defaultConfigurationName = Release;
		};
		5E7F2C3B19045D0F00872131 /* Build configuration list for PBXNativeTarget "LiveTranslate" */ = {
			isa = XCConfigurationList;
			buildConfigurations = (
				5E7F2C3C19045D0F00872131 /* Debug */,
				5E7F2C3D19045D0F00872131 /* Release */,
			);
			defaultConfigurationIsVisible = 0;
		};
/* End XCConfigurationList section */
	};
	rootObject = 5E7F2BFE19045D0F00872131 /* Project object */;
}
